
Microsoft Visual Studio Solution File, Format Version 12.00
# Visual Studio Version 17
VisualStudioVersion = 17.0.31521.260
MinimumVisualStudioVersion = 10.0.40219.1
Project("{9A19103F-16F7-4668-BE54-9A1E7A4F7556}") = "RowCoding_Roles", "Roles\RowCoding_Roles.csproj", "{E16E6AE2-294A-43A0-ACD2-C03036A2AB26}"
EndProject
Project("{9A19103F-16F7-4668-BE54-9A1E7A4F7556}") = "RowCoding_Claims", "Claims\RowCoding_Claims.csproj", "{7F8830AE-8C5D-4A77-90E5-AACF8389A0BE}"
EndProject
Project("{2150E333-8FDC-42A3-9474-1A3956D46DE8}") = "Links", "Links", "{D75EDD08-69FD-40B0-BAD2-B31CFC2D0D62}"
	ProjectSection(SolutionItems) = preProject
		_Notes.txt = _Notes.txt
		Authn_Part2.txt = Authn_Part2.txt
		FrankLiu.txt = FrankLiu.txt
	EndProjectSection
EndProject
Project("{9A19103F-16F7-4668-BE54-9A1E7A4F7556}") = "ResourceBasedAuth", "ResourceBasedAuth\ResourceBasedAuth.csproj", "{08E29D7E-C86A-4AAE-AF1B-8D38C887AAD5}"
EndProject
Project("{9A19103F-16F7-4668-BE54-9A1E7A4F7556}") = "Authn", "Authn\Authn.csproj", "{ED0677F3-3FEE-4786-BE8F-8D1EFBB57780}"
EndProject
Project("{9A19103F-16F7-4668-BE54-9A1E7A4F7556}") = "Authn_Blazor", "Authn_Blazor\Authn_Blazor.csproj", "{C8AD1124-54C4-4022-BAC4-17B6F4F9F66D}"
EndProject
Project("{9A19103F-16F7-4668-BE54-9A1E7A4F7556}") = "FrankLiu", "FrankLiu\FrankLiu.csproj", "{1598FA5B-D875-4117-810C-CCE4374DB681}"
EndProject
Project("{9A19103F-16F7-4668-BE54-9A1E7A4F7556}") = "FrankLiu_BlazorServer", "FrankLiu_BlazorServer\FrankLiu_BlazorServer.csproj", "{4DDF4F14-70AB-4DB8-8916-D14B4F7469C9}"
EndProject
Project("{2150E333-8FDC-42A3-9474-1A3956D46DE8}") = "Solution Items", "Solution Items", "{790755E3-56A1-4D6E-8E59-1B69658EFE71}"
	ProjectSection(SolutionItems) = preProject
		.editorconfig = .editorconfig
	EndProjectSection
EndProject
Project("{2150E333-8FDC-42A3-9474-1A3956D46DE8}") = "FrankLiu_Pics", "FrankLiu_Pics", "{D27C6FD4-421C-4D8B-B9B0-90EB769F8B4B}"
	ProjectSection(SolutionItems) = preProject
		1_RoadMap.jpg = 1_RoadMap.jpg
		2_Authorization_Authentification Flow..jpg = 2_Authorization_Authentification Flow..jpg
		3_SecurityContext.jpg = 3_SecurityContext.jpg
		4_Security.jpg = 4_Security.jpg
		6_Token_Cookie.jpg = 6_Token_Cookie.jpg
		7_Middleware.jpg = 7_Middleware.jpg
		8_Authorization Architecture and Flow.jpg = 8_Authorization Architecture and Flow.jpg
	EndProjectSection
EndProject
Project("{9A19103F-16F7-4668-BE54-9A1E7A4F7556}") = "Authn_Part2", "Authn_Part2\Authn_Part2.csproj", "{E90FDF9F-7A59-4495-9831-DD018B0DF1F1}"
EndProject
Project("{FAE04EC0-301F-11D3-BF4B-00C04F79EFBC}") = "GoogleAuthentification", "GoogleAuthentification\GoogleAuthentification.csproj", "{A2FD95C0-1B64-426D-B966-D2A42EAB703D}"
EndProject
Global
	GlobalSection(SolutionConfigurationPlatforms) = preSolution
		Debug|Any CPU = Debug|Any CPU
		Release|Any CPU = Release|Any CPU
	EndGlobalSection
	GlobalSection(ProjectConfigurationPlatforms) = postSolution
		{E16E6AE2-294A-43A0-ACD2-C03036A2AB26}.Debug|Any CPU.ActiveCfg = Debug|Any CPU
		{E16E6AE2-294A-43A0-ACD2-C03036A2AB26}.Debug|Any CPU.Build.0 = Debug|Any CPU
		{E16E6AE2-294A-43A0-ACD2-C03036A2AB26}.Release|Any CPU.ActiveCfg = Release|Any CPU
		{E16E6AE2-294A-43A0-ACD2-C03036A2AB26}.Release|Any CPU.Build.0 = Release|Any CPU
		{7F8830AE-8C5D-4A77-90E5-AACF8389A0BE}.Debug|Any CPU.ActiveCfg = Debug|Any CPU
		{7F8830AE-8C5D-4A77-90E5-AACF8389A0BE}.Debug|Any CPU.Build.0 = Debug|Any CPU
		{7F8830AE-8C5D-4A77-90E5-AACF8389A0BE}.Release|Any CPU.ActiveCfg = Release|Any CPU
		{7F8830AE-8C5D-4A77-90E5-AACF8389A0BE}.Release|Any CPU.Build.0 = Release|Any CPU
		{08E29D7E-C86A-4AAE-AF1B-8D38C887AAD5}.Debug|Any CPU.ActiveCfg = Debug|Any CPU
		{08E29D7E-C86A-4AAE-AF1B-8D38C887AAD5}.Debug|Any CPU.Build.0 = Debug|Any CPU
		{08E29D7E-C86A-4AAE-AF1B-8D38C887AAD5}.Release|Any CPU.ActiveCfg = Release|Any CPU
		{08E29D7E-C86A-4AAE-AF1B-8D38C887AAD5}.Release|Any CPU.Build.0 = Release|Any CPU
		{ED0677F3-3FEE-4786-BE8F-8D1EFBB57780}.Debug|Any CPU.ActiveCfg = Debug|Any CPU
		{ED0677F3-3FEE-4786-BE8F-8D1EFBB57780}.Debug|Any CPU.Build.0 = Debug|Any CPU
		{ED0677F3-3FEE-4786-BE8F-8D1EFBB57780}.Release|Any CPU.ActiveCfg = Release|Any CPU
		{ED0677F3-3FEE-4786-BE8F-8D1EFBB57780}.Release|Any CPU.Build.0 = Release|Any CPU
		{C8AD1124-54C4-4022-BAC4-17B6F4F9F66D}.Debug|Any CPU.ActiveCfg = Debug|Any CPU
		{C8AD1124-54C4-4022-BAC4-17B6F4F9F66D}.Debug|Any CPU.Build.0 = Debug|Any CPU
		{C8AD1124-54C4-4022-BAC4-17B6F4F9F66D}.Release|Any CPU.ActiveCfg = Release|Any CPU
		{C8AD1124-54C4-4022-BAC4-17B6F4F9F66D}.Release|Any CPU.Build.0 = Release|Any CPU
		{1598FA5B-D875-4117-810C-CCE4374DB681}.Debug|Any CPU.ActiveCfg = Debug|Any CPU
		{1598FA5B-D875-4117-810C-CCE4374DB681}.Debug|Any CPU.Build.0 = Debug|Any CPU
		{1598FA5B-D875-4117-810C-CCE4374DB681}.Release|Any CPU.ActiveCfg = Release|Any CPU
		{1598FA5B-D875-4117-810C-CCE4374DB681}.Release|Any CPU.Build.0 = Release|Any CPU
		{4DDF4F14-70AB-4DB8-8916-D14B4F7469C9}.Debug|Any CPU.ActiveCfg = Debug|Any CPU
		{4DDF4F14-70AB-4DB8-8916-D14B4F7469C9}.Debug|Any CPU.Build.0 = Debug|Any CPU
		{4DDF4F14-70AB-4DB8-8916-D14B4F7469C9}.Release|Any CPU.ActiveCfg = Release|Any CPU
		{4DDF4F14-70AB-4DB8-8916-D14B4F7469C9}.Release|Any CPU.Build.0 = Release|Any CPU
		{E90FDF9F-7A59-4495-9831-DD018B0DF1F1}.Debug|Any CPU.ActiveCfg = Debug|Any CPU
		{E90FDF9F-7A59-4495-9831-DD018B0DF1F1}.Debug|Any CPU.Build.0 = Debug|Any CPU
		{E90FDF9F-7A59-4495-9831-DD018B0DF1F1}.Release|Any CPU.ActiveCfg = Release|Any CPU
		{E90FDF9F-7A59-4495-9831-DD018B0DF1F1}.Release|Any CPU.Build.0 = Release|Any CPU
		{A2FD95C0-1B64-426D-B966-D2A42EAB703D}.Debug|Any CPU.ActiveCfg = Debug|Any CPU
		{A2FD95C0-1B64-426D-B966-D2A42EAB703D}.Debug|Any CPU.Build.0 = Debug|Any CPU
		{A2FD95C0-1B64-426D-B966-D2A42EAB703D}.Release|Any CPU.ActiveCfg = Release|Any CPU
		{A2FD95C0-1B64-426D-B966-D2A42EAB703D}.Release|Any CPU.Build.0 = Release|Any CPU
	EndGlobalSection
	GlobalSection(SolutionProperties) = preSolution
		HideSolutionNode = FALSE
	EndGlobalSection
	GlobalSection(NestedProjects) = preSolution
		{D27C6FD4-421C-4D8B-B9B0-90EB769F8B4B} = {D75EDD08-69FD-40B0-BAD2-B31CFC2D0D62}
	EndGlobalSection
	GlobalSection(ExtensibilityGlobals) = postSolution
		SolutionGuid = {0BE929FA-2A63-4299-85CD-5706DE01C337}
	EndGlobalSection
EndGlobal
